
Microsoft Visual Studio Solution File, Format Version 12.00
# Visual Studio Version 17
VisualStudioVersion = 17.4.33122.133
MinimumVisualStudioVersion = 10.0.40219.1
Project("{FAE04EC0-301F-11D3-BF4B-00C04F79EFBC}") = "ProjectB.Dal", "ProjectB.Dal\ProjectB.Dal.csproj", "{9D4387D3-9E06-4B11-A1A4-661C908BA8B3}"
EndProject
Project("{FAE04EC0-301F-11D3-BF4B-00C04F79EFBC}") = "ProjectB.Data.Sql", "ProjectB.Data.Sql\ProjectB.Data.Sql.csproj", "{0A550060-8FED-4623-9465-1C19805372A8}"
EndProject
Project("{FAE04EC0-301F-11D3-BF4B-00C04F79EFBC}") = "ProjectB.Entities", "ProjectB.Entities\ProjectB.Entities.csproj", "{9C4C928D-9203-4EB1-B882-8C3049F8BCF7}"
EndProject
Project("{FAE04EC0-301F-11D3-BF4B-00C04F79EFBC}") = "ProjectB.Model", "ProjectB.Model\ProjectB.Model.csproj", "{05A8C745-1D51-4E6D-ACBA-C7BAC8FF2FD8}"
EndProject
Project("{9A19103F-16F7-4668-BE54-9A1E7A4F7556}") = "ProjectB.MicroServer", "ProjectB.MicroServer\ProjectB.MicroServer.csproj", "{9791CC26-47EB-4DEB-8BC9-3C2BADF6E60F}"
EndProject
Project("{FAE04EC0-301F-11D3-BF4B-00C04F79EFBC}") = "Utilities", "Utilities\Utilities.csproj", "{0A524DA6-B874-4646-91BD-069F35BB358C}"
EndProject
Global
	GlobalSection(SolutionConfigurationPlatforms) = preSolution
		Debug|Any CPU = Debug|Any CPU
		Release|Any CPU = Release|Any CPU
	EndGlobalSection
	GlobalSection(ProjectConfigurationPlatforms) = postSolution
		{9D4387D3-9E06-4B11-A1A4-661C908BA8B3}.Debug|Any CPU.ActiveCfg = Debug|Any CPU
		{9D4387D3-9E06-4B11-A1A4-661C908BA8B3}.Debug|Any CPU.Build.0 = Debug|Any CPU
		{9D4387D3-9E06-4B11-A1A4-661C908BA8B3}.Release|Any CPU.ActiveCfg = Release|Any CPU
		{9D4387D3-9E06-4B11-A1A4-661C908BA8B3}.Release|Any CPU.Build.0 = Release|Any CPU
		{0A550060-8FED-4623-9465-1C19805372A8}.Debug|Any CPU.ActiveCfg = Debug|Any CPU
		{0A550060-8FED-4623-9465-1C19805372A8}.Debug|Any CPU.Build.0 = Debug|Any CPU
		{0A550060-8FED-4623-9465-1C19805372A8}.Release|Any CPU.ActiveCfg = Release|Any CPU
		{0A550060-8FED-4623-9465-1C19805372A8}.Release|Any CPU.Build.0 = Release|Any CPU
		{9C4C928D-9203-4EB1-B882-8C3049F8BCF7}.Debug|Any CPU.ActiveCfg = Debug|Any CPU
		{9C4C928D-9203-4EB1-B882-8C3049F8BCF7}.Debug|Any CPU.Build.0 = Debug|Any CPU
		{9C4C928D-9203-4EB1-B882-8C3049F8BCF7}.Release|Any CPU.ActiveCfg = Release|Any CPU
		{9C4C928D-9203-4EB1-B882-8C3049F8BCF7}.Release|Any CPU.Build.0 = Release|Any CPU
		{05A8C745-1D51-4E6D-ACBA-C7BAC8FF2FD8}.Debug|Any CPU.ActiveCfg = Debug|Any CPU
		{05A8C745-1D51-4E6D-ACBA-C7BAC8FF2FD8}.Debug|Any CPU.Build.0 = Debug|Any CPU
		{05A8C745-1D51-4E6D-ACBA-C7BAC8FF2FD8}.Release|Any CPU.ActiveCfg = Release|Any CPU
		{05A8C745-1D51-4E6D-ACBA-C7BAC8FF2FD8}.Release|Any CPU.Build.0 = Release|Any CPU
		{9791CC26-47EB-4DEB-8BC9-3C2BADF6E60F}.Debug|Any CPU.ActiveCfg = Debug|Any CPU
		{9791CC26-47EB-4DEB-8BC9-3C2BADF6E60F}.Debug|Any CPU.Build.0 = Debug|Any CPU
		{9791CC26-47EB-4DEB-8BC9-3C2BADF6E60F}.Release|Any CPU.ActiveCfg = Release|Any CPU
		{9791CC26-47EB-4DEB-8BC9-3C2BADF6E60F}.Release|Any CPU.Build.0 = Release|Any CPU
		{0A524DA6-B874-4646-91BD-069F35BB358C}.Debug|Any CPU.ActiveCfg = Debug|Any CPU
		{0A524DA6-B874-4646-91BD-069F35BB358C}.Debug|Any CPU.Build.0 = Debug|Any CPU
		{0A524DA6-B874-4646-91BD-069F35BB358C}.Release|Any CPU.ActiveCfg = Release|Any CPU
		{0A524DA6-B874-4646-91BD-069F35BB358C}.Release|Any CPU.Build.0 = Release|Any CPU
	EndGlobalSection
	GlobalSection(SolutionProperties) = preSolution
		HideSolutionNode = FALSE
	EndGlobalSection
	GlobalSection(ExtensibilityGlobals) = postSolution
		SolutionGuid = {BC7B0F5C-87D6-439B-9D8E-1BACE97752FD}
	EndGlobalSection
EndGlobal
