
Microsoft Visual Studio Solution File, Format Version 12.00
# Visual Studio Version 17
VisualStudioVersion = 17.4.33205.214
MinimumVisualStudioVersion = 10.0.40219.1
Project("{FAE04EC0-301F-11D3-BF4B-00C04F79EFBC}") = "SocialProject.Dal", "SocialProject.Dal\SocialProject.Dal.csproj", "{C1055F8E-2F16-4AEA-87EF-39444960EB7A}"
EndProject
Project("{FAE04EC0-301F-11D3-BF4B-00C04F79EFBC}") = "SocialProject.DataSql", "SocialProject.DataSql\SocialProject.DataSql.csproj", "{33B682C0-442C-4D66-9E1D-58CD77FB9A95}"
EndProject
Project("{FAE04EC0-301F-11D3-BF4B-00C04F79EFBC}") = "SocialProject.Entities", "SocialProject.Entities\SocialProject.Entities.csproj", "{C88B4F75-039A-46B2-AAD6-AFBDA98B9BA8}"
EndProject
Project("{FAE04EC0-301F-11D3-BF4B-00C04F79EFBC}") = "SocialProject.Model", "SocialProject.Model\SocialProject.Model.csproj", "{D46323F8-3723-49D0-AEEC-17C8FF906896}"
EndProject
Project("{9A19103F-16F7-4668-BE54-9A1E7A4F7556}") = "SocialProject.MicroServer", "SocialProject.MicroServer\SocialProject.MicroServer.csproj", "{F0E63B84-8E32-45F7-B062-4EEB3C44D8DF}"
EndProject
Project("{FAE04EC0-301F-11D3-BF4B-00C04F79EFBC}") = "MyUtilities", "MyUtilities\MyUtilities.csproj", "{5858E14C-D0F9-4C1C-9DC0-E534A98A3F60}"
EndProject
Global
	GlobalSection(SolutionConfigurationPlatforms) = preSolution
		Debug|Any CPU = Debug|Any CPU
		Release|Any CPU = Release|Any CPU
	EndGlobalSection
	GlobalSection(ProjectConfigurationPlatforms) = postSolution
		{C1055F8E-2F16-4AEA-87EF-39444960EB7A}.Debug|Any CPU.ActiveCfg = Debug|Any CPU
		{C1055F8E-2F16-4AEA-87EF-39444960EB7A}.Debug|Any CPU.Build.0 = Debug|Any CPU
		{C1055F8E-2F16-4AEA-87EF-39444960EB7A}.Release|Any CPU.ActiveCfg = Release|Any CPU
		{C1055F8E-2F16-4AEA-87EF-39444960EB7A}.Release|Any CPU.Build.0 = Release|Any CPU
		{33B682C0-442C-4D66-9E1D-58CD77FB9A95}.Debug|Any CPU.ActiveCfg = Debug|Any CPU
		{33B682C0-442C-4D66-9E1D-58CD77FB9A95}.Debug|Any CPU.Build.0 = Debug|Any CPU
		{33B682C0-442C-4D66-9E1D-58CD77FB9A95}.Release|Any CPU.ActiveCfg = Release|Any CPU
		{33B682C0-442C-4D66-9E1D-58CD77FB9A95}.Release|Any CPU.Build.0 = Release|Any CPU
		{C88B4F75-039A-46B2-AAD6-AFBDA98B9BA8}.Debug|Any CPU.ActiveCfg = Debug|Any CPU
		{C88B4F75-039A-46B2-AAD6-AFBDA98B9BA8}.Debug|Any CPU.Build.0 = Debug|Any CPU
		{C88B4F75-039A-46B2-AAD6-AFBDA98B9BA8}.Release|Any CPU.ActiveCfg = Release|Any CPU
		{C88B4F75-039A-46B2-AAD6-AFBDA98B9BA8}.Release|Any CPU.Build.0 = Release|Any CPU
		{D46323F8-3723-49D0-AEEC-17C8FF906896}.Debug|Any CPU.ActiveCfg = Debug|Any CPU
		{D46323F8-3723-49D0-AEEC-17C8FF906896}.Debug|Any CPU.Build.0 = Debug|Any CPU
		{D46323F8-3723-49D0-AEEC-17C8FF906896}.Release|Any CPU.ActiveCfg = Release|Any CPU
		{D46323F8-3723-49D0-AEEC-17C8FF906896}.Release|Any CPU.Build.0 = Release|Any CPU
		{F0E63B84-8E32-45F7-B062-4EEB3C44D8DF}.Debug|Any CPU.ActiveCfg = Debug|Any CPU
		{F0E63B84-8E32-45F7-B062-4EEB3C44D8DF}.Debug|Any CPU.Build.0 = Debug|Any CPU
		{F0E63B84-8E32-45F7-B062-4EEB3C44D8DF}.Release|Any CPU.ActiveCfg = Release|Any CPU
		{F0E63B84-8E32-45F7-B062-4EEB3C44D8DF}.Release|Any CPU.Build.0 = Release|Any CPU
		{5858E14C-D0F9-4C1C-9DC0-E534A98A3F60}.Debug|Any CPU.ActiveCfg = Debug|Any CPU
		{5858E14C-D0F9-4C1C-9DC0-E534A98A3F60}.Debug|Any CPU.Build.0 = Debug|Any CPU
		{5858E14C-D0F9-4C1C-9DC0-E534A98A3F60}.Release|Any CPU.ActiveCfg = Release|Any CPU
		{5858E14C-D0F9-4C1C-9DC0-E534A98A3F60}.Release|Any CPU.Build.0 = Release|Any CPU
	EndGlobalSection
	GlobalSection(SolutionProperties) = preSolution
		HideSolutionNode = FALSE
	EndGlobalSection
	GlobalSection(ExtensibilityGlobals) = postSolution
		SolutionGuid = {F0A15A2E-9B40-4D92-8357-E71ABC9143A5}
	EndGlobalSection
EndGlobal
