
Microsoft Visual Studio Solution File, Format Version 12.00
# Visual Studio Version 17
VisualStudioVersion = 17.4.33103.184
MinimumVisualStudioVersion = 10.0.40219.1
Project("{FAE04EC0-301F-11D3-BF4B-00C04F79EFBC}") = "CW1_Cs-Start_13112022", "Cs-Start_13112022\CW1_Cs-Start_13112022.csproj", "{285A8640-B56B-4FF8-9B37-36345CE47E5E}"
EndProject
Project("{FAE04EC0-301F-11D3-BF4B-00C04F79EFBC}") = "CW2_HW_13112022-function", "HW_13112022\CW2_HW_13112022-function.csproj", "{A86E950D-9111-426C-B268-1D96E66B595F}"
EndProject
Project("{FAE04EC0-301F-11D3-BF4B-00C04F79EFBC}") = "CW3_properties_set_get", "properties_set_get\CW3_properties_set_get.csproj", "{B317B66C-82DE-418E-9418-5A8BBCD07698}"
EndProject
Project("{FAE04EC0-301F-11D3-BF4B-00C04F79EFBC}") = "CW4_singel_Tone-21112022", "singel_Tone-21112022\CW4_singel_Tone-21112022.csproj", "{1FBC9D3C-6F1B-4940-AA7A-7FEBBFB2FF65}"
EndProject
Project("{FAE04EC0-301F-11D3-BF4B-00C04F79EFBC}") = "CW5_Exception", "Exception\CW5_Exception.csproj", "{DCC4499E-F933-429A-B1F1-E36A57B7C24D}"
EndProject
Project("{9A19103F-16F7-4668-BE54-9A1E7A4F7556}") = "CW6_WinFormsApp1", "WinFormsApp1\CW6_WinFormsApp1.csproj", "{91B7D19A-401A-4A55-85D2-34BE93D6737C}"
EndProject
Project("{9A19103F-16F7-4668-BE54-9A1E7A4F7556}") = "CW7_WinFormsApp2", "CW7_WinFormsApp2\CW7_WinFormsApp2.csproj", "{7DADA4C0-8117-43D3-8EB4-12AE17D45AB9}"
EndProject
Project("{9A19103F-16F7-4668-BE54-9A1E7A4F7556}") = "CW8_WinFormsApp2", "CW8_WinFormsApp2\CW8_WinFormsApp2.csproj", "{FD7151A8-FE87-440B-A538-36420443B070}"
EndProject
Project("{9A19103F-16F7-4668-BE54-9A1E7A4F7556}") = "CW9_TheInterfaceApp", "CW9_TheInterfaceApp\CW9_TheInterfaceApp.csproj", "{2C61107B-E2FC-49D0-A5FF-66D009456E79}"
EndProject
Project("{FAE04EC0-301F-11D3-BF4B-00C04F79EFBC}") = "CW10_WorkingWithDB", "CW10_WorkingWithDB\CW10_WorkingWithDB.csproj", "{CDA1AF77-018E-48E1-A5C9-116098B852A7}"
EndProject
Project("{FAE04EC0-301F-11D3-BF4B-00C04F79EFBC}") = "CW10_Delegate", "CW10_Delegate\CW10_Delegate.csproj", "{A78D4B75-B773-42F1-BC1F-2D2B6E4EDA3F}"
EndProject
Project("{FAE04EC0-301F-11D3-BF4B-00C04F79EFBC}") = "CW11_password_confirm", "CW11_password_confirm\CW11_password_confirm.csproj", "{1D510DA3-7A42-4C7B-B10D-BF31B21F9D23}"
EndProject
Project("{FAE04EC0-301F-11D3-BF4B-00C04F79EFBC}") = "CW12_Shbat_host_guest", "CW12_Shbat_host_guest\CW12_Shbat_host_guest.csproj", "{3B852B28-4EBC-49D9-ADE8-F8BFB931B957}"
EndProject
Project("{FAE04EC0-301F-11D3-BF4B-00C04F79EFBC}") = "CW13_worker", "CW13_worker\CW13_worker.csproj", "{106BC603-CE09-491B-ABC1-17A71A810B50}"
EndProject
Project("{FAE04EC0-301F-11D3-BF4B-00C04F79EFBC}") = "CW14_MoltiTreding", "CW14_MoltiTreding\CW14_MoltiTreding.csproj", "{D959E61F-5E8D-49A2-80BA-649EE2585C27}"
EndProject
Project("{FAE04EC0-301F-11D3-BF4B-00C04F79EFBC}") = "CW15_ IEnumerable", "CW15_ IEnumerable\CW15_ IEnumerable.csproj", "{A51D9885-730E-4A4C-8080-70D71407E5AF}"
EndProject
Project("{9A19103F-16F7-4668-BE54-9A1E7A4F7556}") = "CW16_WinForm_link", "CW16_WinForm_link\CW16_WinForm_link.csproj", "{55FFF5AA-0699-4AAE-925F-C661451635C4}"
EndProject
Project("{9A19103F-16F7-4668-BE54-9A1E7A4F7556}") = "CW17_WinFormsAppLink", "CW17_WinFormsAppLink\CW17_WinFormsAppLink.csproj", "{67CBAD02-D6D5-4CE1-85BE-6ED7663EB85D}"
EndProject
Project("{9A19103F-16F7-4668-BE54-9A1E7A4F7556}") = "MyUtilities_CS_yoni", "MyUtilities_CS_yoni\MyUtilities_CS_yoni.csproj", "{AEEB840D-DE6A-4EC3-B961-200E4B240ECD}"
EndProject
Project("{FAE04EC0-301F-11D3-BF4B-00C04F79EFBC}") = "CW18_Params", "CW18_Params\CW18_Params.csproj", "{28A1259C-993F-4180-A871-DD99A12CF9C8}"
EndProject
Project("{FAE04EC0-301F-11D3-BF4B-00C04F79EFBC}") = "CW19_Out_Ref", "CW19_Out_Ref\CW19_Out_Ref.csproj", "{652C9A46-D415-4639-A365-FBD82D6401C5}"
EndProject
Global
	GlobalSection(SolutionConfigurationPlatforms) = preSolution
		Debug|Any CPU = Debug|Any CPU
		Debug|x64 = Debug|x64
		Debug|x86 = Debug|x86
		Release|Any CPU = Release|Any CPU
		Release|x64 = Release|x64
		Release|x86 = Release|x86
	EndGlobalSection
	GlobalSection(ProjectConfigurationPlatforms) = postSolution
		{285A8640-B56B-4FF8-9B37-36345CE47E5E}.Debug|Any CPU.ActiveCfg = Debug|Any CPU
		{285A8640-B56B-4FF8-9B37-36345CE47E5E}.Debug|Any CPU.Build.0 = Debug|Any CPU
		{285A8640-B56B-4FF8-9B37-36345CE47E5E}.Debug|x64.ActiveCfg = Debug|Any CPU
		{285A8640-B56B-4FF8-9B37-36345CE47E5E}.Debug|x64.Build.0 = Debug|Any CPU
		{285A8640-B56B-4FF8-9B37-36345CE47E5E}.Debug|x86.ActiveCfg = Debug|Any CPU
		{285A8640-B56B-4FF8-9B37-36345CE47E5E}.Debug|x86.Build.0 = Debug|Any CPU
		{285A8640-B56B-4FF8-9B37-36345CE47E5E}.Release|Any CPU.ActiveCfg = Release|Any CPU
		{285A8640-B56B-4FF8-9B37-36345CE47E5E}.Release|Any CPU.Build.0 = Release|Any CPU
		{285A8640-B56B-4FF8-9B37-36345CE47E5E}.Release|x64.ActiveCfg = Release|Any CPU
		{285A8640-B56B-4FF8-9B37-36345CE47E5E}.Release|x64.Build.0 = Release|Any CPU
		{285A8640-B56B-4FF8-9B37-36345CE47E5E}.Release|x86.ActiveCfg = Release|Any CPU
		{285A8640-B56B-4FF8-9B37-36345CE47E5E}.Release|x86.Build.0 = Release|Any CPU
		{A86E950D-9111-426C-B268-1D96E66B595F}.Debug|Any CPU.ActiveCfg = Debug|Any CPU
		{A86E950D-9111-426C-B268-1D96E66B595F}.Debug|Any CPU.Build.0 = Debug|Any CPU
		{A86E950D-9111-426C-B268-1D96E66B595F}.Debug|x64.ActiveCfg = Debug|Any CPU
		{A86E950D-9111-426C-B268-1D96E66B595F}.Debug|x64.Build.0 = Debug|Any CPU
		{A86E950D-9111-426C-B268-1D96E66B595F}.Debug|x86.ActiveCfg = Debug|Any CPU
		{A86E950D-9111-426C-B268-1D96E66B595F}.Debug|x86.Build.0 = Debug|Any CPU
		{A86E950D-9111-426C-B268-1D96E66B595F}.Release|Any CPU.ActiveCfg = Release|Any CPU
		{A86E950D-9111-426C-B268-1D96E66B595F}.Release|Any CPU.Build.0 = Release|Any CPU
		{A86E950D-9111-426C-B268-1D96E66B595F}.Release|x64.ActiveCfg = Release|Any CPU
		{A86E950D-9111-426C-B268-1D96E66B595F}.Release|x64.Build.0 = Release|Any CPU
		{A86E950D-9111-426C-B268-1D96E66B595F}.Release|x86.ActiveCfg = Release|Any CPU
		{A86E950D-9111-426C-B268-1D96E66B595F}.Release|x86.Build.0 = Release|Any CPU
		{B317B66C-82DE-418E-9418-5A8BBCD07698}.Debug|Any CPU.ActiveCfg = Debug|Any CPU
		{B317B66C-82DE-418E-9418-5A8BBCD07698}.Debug|Any CPU.Build.0 = Debug|Any CPU
		{B317B66C-82DE-418E-9418-5A8BBCD07698}.Debug|x64.ActiveCfg = Debug|Any CPU
		{B317B66C-82DE-418E-9418-5A8BBCD07698}.Debug|x64.Build.0 = Debug|Any CPU
		{B317B66C-82DE-418E-9418-5A8BBCD07698}.Debug|x86.ActiveCfg = Debug|Any CPU
		{B317B66C-82DE-418E-9418-5A8BBCD07698}.Debug|x86.Build.0 = Debug|Any CPU
		{B317B66C-82DE-418E-9418-5A8BBCD07698}.Release|Any CPU.ActiveCfg = Release|Any CPU
		{B317B66C-82DE-418E-9418-5A8BBCD07698}.Release|Any CPU.Build.0 = Release|Any CPU
		{B317B66C-82DE-418E-9418-5A8BBCD07698}.Release|x64.ActiveCfg = Release|Any CPU
		{B317B66C-82DE-418E-9418-5A8BBCD07698}.Release|x64.Build.0 = Release|Any CPU
		{B317B66C-82DE-418E-9418-5A8BBCD07698}.Release|x86.ActiveCfg = Release|Any CPU
		{B317B66C-82DE-418E-9418-5A8BBCD07698}.Release|x86.Build.0 = Release|Any CPU
		{1FBC9D3C-6F1B-4940-AA7A-7FEBBFB2FF65}.Debug|Any CPU.ActiveCfg = Debug|Any CPU
		{1FBC9D3C-6F1B-4940-AA7A-7FEBBFB2FF65}.Debug|Any CPU.Build.0 = Debug|Any CPU
		{1FBC9D3C-6F1B-4940-AA7A-7FEBBFB2FF65}.Debug|x64.ActiveCfg = Debug|Any CPU
		{1FBC9D3C-6F1B-4940-AA7A-7FEBBFB2FF65}.Debug|x64.Build.0 = Debug|Any CPU
		{1FBC9D3C-6F1B-4940-AA7A-7FEBBFB2FF65}.Debug|x86.ActiveCfg = Debug|Any CPU
		{1FBC9D3C-6F1B-4940-AA7A-7FEBBFB2FF65}.Debug|x86.Build.0 = Debug|Any CPU
		{1FBC9D3C-6F1B-4940-AA7A-7FEBBFB2FF65}.Release|Any CPU.ActiveCfg = Release|Any CPU
		{1FBC9D3C-6F1B-4940-AA7A-7FEBBFB2FF65}.Release|Any CPU.Build.0 = Release|Any CPU
		{1FBC9D3C-6F1B-4940-AA7A-7FEBBFB2FF65}.Release|x64.ActiveCfg = Release|Any CPU
		{1FBC9D3C-6F1B-4940-AA7A-7FEBBFB2FF65}.Release|x64.Build.0 = Release|Any CPU
		{1FBC9D3C-6F1B-4940-AA7A-7FEBBFB2FF65}.Release|x86.ActiveCfg = Release|Any CPU
		{1FBC9D3C-6F1B-4940-AA7A-7FEBBFB2FF65}.Release|x86.Build.0 = Release|Any CPU
		{DCC4499E-F933-429A-B1F1-E36A57B7C24D}.Debug|Any CPU.ActiveCfg = Debug|Any CPU
		{DCC4499E-F933-429A-B1F1-E36A57B7C24D}.Debug|Any CPU.Build.0 = Debug|Any CPU
		{DCC4499E-F933-429A-B1F1-E36A57B7C24D}.Debug|x64.ActiveCfg = Debug|Any CPU
		{DCC4499E-F933-429A-B1F1-E36A57B7C24D}.Debug|x64.Build.0 = Debug|Any CPU
		{DCC4499E-F933-429A-B1F1-E36A57B7C24D}.Debug|x86.ActiveCfg = Debug|Any CPU
		{DCC4499E-F933-429A-B1F1-E36A57B7C24D}.Debug|x86.Build.0 = Debug|Any CPU
		{DCC4499E-F933-429A-B1F1-E36A57B7C24D}.Release|Any CPU.ActiveCfg = Release|Any CPU
		{DCC4499E-F933-429A-B1F1-E36A57B7C24D}.Release|Any CPU.Build.0 = Release|Any CPU
		{DCC4499E-F933-429A-B1F1-E36A57B7C24D}.Release|x64.ActiveCfg = Release|Any CPU
		{DCC4499E-F933-429A-B1F1-E36A57B7C24D}.Release|x64.Build.0 = Release|Any CPU
		{DCC4499E-F933-429A-B1F1-E36A57B7C24D}.Release|x86.ActiveCfg = Release|Any CPU
		{DCC4499E-F933-429A-B1F1-E36A57B7C24D}.Release|x86.Build.0 = Release|Any CPU
		{91B7D19A-401A-4A55-85D2-34BE93D6737C}.Debug|Any CPU.ActiveCfg = Debug|Any CPU
		{91B7D19A-401A-4A55-85D2-34BE93D6737C}.Debug|Any CPU.Build.0 = Debug|Any CPU
		{91B7D19A-401A-4A55-85D2-34BE93D6737C}.Debug|x64.ActiveCfg = Debug|Any CPU
		{91B7D19A-401A-4A55-85D2-34BE93D6737C}.Debug|x64.Build.0 = Debug|Any CPU
		{91B7D19A-401A-4A55-85D2-34BE93D6737C}.Debug|x86.ActiveCfg = Debug|Any CPU
		{91B7D19A-401A-4A55-85D2-34BE93D6737C}.Debug|x86.Build.0 = Debug|Any CPU
		{91B7D19A-401A-4A55-85D2-34BE93D6737C}.Release|Any CPU.ActiveCfg = Release|Any CPU
		{91B7D19A-401A-4A55-85D2-34BE93D6737C}.Release|Any CPU.Build.0 = Release|Any CPU
		{91B7D19A-401A-4A55-85D2-34BE93D6737C}.Release|x64.ActiveCfg = Release|Any CPU
		{91B7D19A-401A-4A55-85D2-34BE93D6737C}.Release|x64.Build.0 = Release|Any CPU
		{91B7D19A-401A-4A55-85D2-34BE93D6737C}.Release|x86.ActiveCfg = Release|Any CPU
		{91B7D19A-401A-4A55-85D2-34BE93D6737C}.Release|x86.Build.0 = Release|Any CPU
		{7DADA4C0-8117-43D3-8EB4-12AE17D45AB9}.Debug|Any CPU.ActiveCfg = Debug|Any CPU
		{7DADA4C0-8117-43D3-8EB4-12AE17D45AB9}.Debug|Any CPU.Build.0 = Debug|Any CPU
		{7DADA4C0-8117-43D3-8EB4-12AE17D45AB9}.Debug|x64.ActiveCfg = Debug|Any CPU
		{7DADA4C0-8117-43D3-8EB4-12AE17D45AB9}.Debug|x64.Build.0 = Debug|Any CPU
		{7DADA4C0-8117-43D3-8EB4-12AE17D45AB9}.Debug|x86.ActiveCfg = Debug|Any CPU
		{7DADA4C0-8117-43D3-8EB4-12AE17D45AB9}.Debug|x86.Build.0 = Debug|Any CPU
		{7DADA4C0-8117-43D3-8EB4-12AE17D45AB9}.Release|Any CPU.ActiveCfg = Release|Any CPU
		{7DADA4C0-8117-43D3-8EB4-12AE17D45AB9}.Release|Any CPU.Build.0 = Release|Any CPU
		{7DADA4C0-8117-43D3-8EB4-12AE17D45AB9}.Release|x64.ActiveCfg = Release|Any CPU
		{7DADA4C0-8117-43D3-8EB4-12AE17D45AB9}.Release|x64.Build.0 = Release|Any CPU
		{7DADA4C0-8117-43D3-8EB4-12AE17D45AB9}.Release|x86.ActiveCfg = Release|Any CPU
		{7DADA4C0-8117-43D3-8EB4-12AE17D45AB9}.Release|x86.Build.0 = Release|Any CPU
		{FD7151A8-FE87-440B-A538-36420443B070}.Debug|Any CPU.ActiveCfg = Debug|Any CPU
		{FD7151A8-FE87-440B-A538-36420443B070}.Debug|Any CPU.Build.0 = Debug|Any CPU
		{FD7151A8-FE87-440B-A538-36420443B070}.Debug|x64.ActiveCfg = Debug|Any CPU
		{FD7151A8-FE87-440B-A538-36420443B070}.Debug|x64.Build.0 = Debug|Any CPU
		{FD7151A8-FE87-440B-A538-36420443B070}.Debug|x86.ActiveCfg = Debug|Any CPU
		{FD7151A8-FE87-440B-A538-36420443B070}.Debug|x86.Build.0 = Debug|Any CPU
		{FD7151A8-FE87-440B-A538-36420443B070}.Release|Any CPU.ActiveCfg = Release|Any CPU
		{FD7151A8-FE87-440B-A538-36420443B070}.Release|Any CPU.Build.0 = Release|Any CPU
		{FD7151A8-FE87-440B-A538-36420443B070}.Release|x64.ActiveCfg = Release|Any CPU
		{FD7151A8-FE87-440B-A538-36420443B070}.Release|x64.Build.0 = Release|Any CPU
		{FD7151A8-FE87-440B-A538-36420443B070}.Release|x86.ActiveCfg = Release|Any CPU
		{FD7151A8-FE87-440B-A538-36420443B070}.Release|x86.Build.0 = Release|Any CPU
		{2C61107B-E2FC-49D0-A5FF-66D009456E79}.Debug|Any CPU.ActiveCfg = Debug|Any CPU
		{2C61107B-E2FC-49D0-A5FF-66D009456E79}.Debug|Any CPU.Build.0 = Debug|Any CPU
		{2C61107B-E2FC-49D0-A5FF-66D009456E79}.Debug|x64.ActiveCfg = Debug|Any CPU
		{2C61107B-E2FC-49D0-A5FF-66D009456E79}.Debug|x64.Build.0 = Debug|Any CPU
		{2C61107B-E2FC-49D0-A5FF-66D009456E79}.Debug|x86.ActiveCfg = Debug|Any CPU
		{2C61107B-E2FC-49D0-A5FF-66D009456E79}.Debug|x86.Build.0 = Debug|Any CPU
		{2C61107B-E2FC-49D0-A5FF-66D009456E79}.Release|Any CPU.ActiveCfg = Release|Any CPU
		{2C61107B-E2FC-49D0-A5FF-66D009456E79}.Release|Any CPU.Build.0 = Release|Any CPU
		{2C61107B-E2FC-49D0-A5FF-66D009456E79}.Release|x64.ActiveCfg = Release|Any CPU
		{2C61107B-E2FC-49D0-A5FF-66D009456E79}.Release|x64.Build.0 = Release|Any CPU
		{2C61107B-E2FC-49D0-A5FF-66D009456E79}.Release|x86.ActiveCfg = Release|Any CPU
		{2C61107B-E2FC-49D0-A5FF-66D009456E79}.Release|x86.Build.0 = Release|Any CPU
		{CDA1AF77-018E-48E1-A5C9-116098B852A7}.Debug|Any CPU.ActiveCfg = Debug|Any CPU
		{CDA1AF77-018E-48E1-A5C9-116098B852A7}.Debug|Any CPU.Build.0 = Debug|Any CPU
		{CDA1AF77-018E-48E1-A5C9-116098B852A7}.Debug|x64.ActiveCfg = Debug|Any CPU
		{CDA1AF77-018E-48E1-A5C9-116098B852A7}.Debug|x64.Build.0 = Debug|Any CPU
		{CDA1AF77-018E-48E1-A5C9-116098B852A7}.Debug|x86.ActiveCfg = Debug|Any CPU
		{CDA1AF77-018E-48E1-A5C9-116098B852A7}.Debug|x86.Build.0 = Debug|Any CPU
		{CDA1AF77-018E-48E1-A5C9-116098B852A7}.Release|Any CPU.ActiveCfg = Release|Any CPU
		{CDA1AF77-018E-48E1-A5C9-116098B852A7}.Release|Any CPU.Build.0 = Release|Any CPU
		{CDA1AF77-018E-48E1-A5C9-116098B852A7}.Release|x64.ActiveCfg = Release|Any CPU
		{CDA1AF77-018E-48E1-A5C9-116098B852A7}.Release|x64.Build.0 = Release|Any CPU
		{CDA1AF77-018E-48E1-A5C9-116098B852A7}.Release|x86.ActiveCfg = Release|Any CPU
		{CDA1AF77-018E-48E1-A5C9-116098B852A7}.Release|x86.Build.0 = Release|Any CPU
		{A78D4B75-B773-42F1-BC1F-2D2B6E4EDA3F}.Debug|Any CPU.ActiveCfg = Debug|Any CPU
		{A78D4B75-B773-42F1-BC1F-2D2B6E4EDA3F}.Debug|Any CPU.Build.0 = Debug|Any CPU
		{A78D4B75-B773-42F1-BC1F-2D2B6E4EDA3F}.Debug|x64.ActiveCfg = Debug|Any CPU
		{A78D4B75-B773-42F1-BC1F-2D2B6E4EDA3F}.Debug|x64.Build.0 = Debug|Any CPU
		{A78D4B75-B773-42F1-BC1F-2D2B6E4EDA3F}.Debug|x86.ActiveCfg = Debug|Any CPU
		{A78D4B75-B773-42F1-BC1F-2D2B6E4EDA3F}.Debug|x86.Build.0 = Debug|Any CPU
		{A78D4B75-B773-42F1-BC1F-2D2B6E4EDA3F}.Release|Any CPU.ActiveCfg = Release|Any CPU
		{A78D4B75-B773-42F1-BC1F-2D2B6E4EDA3F}.Release|Any CPU.Build.0 = Release|Any CPU
		{A78D4B75-B773-42F1-BC1F-2D2B6E4EDA3F}.Release|x64.ActiveCfg = Release|Any CPU
		{A78D4B75-B773-42F1-BC1F-2D2B6E4EDA3F}.Release|x64.Build.0 = Release|Any CPU
		{A78D4B75-B773-42F1-BC1F-2D2B6E4EDA3F}.Release|x86.ActiveCfg = Release|Any CPU
		{A78D4B75-B773-42F1-BC1F-2D2B6E4EDA3F}.Release|x86.Build.0 = Release|Any CPU
		{1D510DA3-7A42-4C7B-B10D-BF31B21F9D23}.Debug|Any CPU.ActiveCfg = Debug|Any CPU
		{1D510DA3-7A42-4C7B-B10D-BF31B21F9D23}.Debug|Any CPU.Build.0 = Debug|Any CPU
		{1D510DA3-7A42-4C7B-B10D-BF31B21F9D23}.Debug|x64.ActiveCfg = Debug|Any CPU
		{1D510DA3-7A42-4C7B-B10D-BF31B21F9D23}.Debug|x64.Build.0 = Debug|Any CPU
		{1D510DA3-7A42-4C7B-B10D-BF31B21F9D23}.Debug|x86.ActiveCfg = Debug|Any CPU
		{1D510DA3-7A42-4C7B-B10D-BF31B21F9D23}.Debug|x86.Build.0 = Debug|Any CPU
		{1D510DA3-7A42-4C7B-B10D-BF31B21F9D23}.Release|Any CPU.ActiveCfg = Release|Any CPU
		{1D510DA3-7A42-4C7B-B10D-BF31B21F9D23}.Release|Any CPU.Build.0 = Release|Any CPU
		{1D510DA3-7A42-4C7B-B10D-BF31B21F9D23}.Release|x64.ActiveCfg = Release|Any CPU
		{1D510DA3-7A42-4C7B-B10D-BF31B21F9D23}.Release|x64.Build.0 = Release|Any CPU
		{1D510DA3-7A42-4C7B-B10D-BF31B21F9D23}.Release|x86.ActiveCfg = Release|Any CPU
		{1D510DA3-7A42-4C7B-B10D-BF31B21F9D23}.Release|x86.Build.0 = Release|Any CPU
		{3B852B28-4EBC-49D9-ADE8-F8BFB931B957}.Debug|Any CPU.ActiveCfg = Debug|Any CPU
		{3B852B28-4EBC-49D9-ADE8-F8BFB931B957}.Debug|Any CPU.Build.0 = Debug|Any CPU
		{3B852B28-4EBC-49D9-ADE8-F8BFB931B957}.Debug|x64.ActiveCfg = Debug|Any CPU
		{3B852B28-4EBC-49D9-ADE8-F8BFB931B957}.Debug|x64.Build.0 = Debug|Any CPU
		{3B852B28-4EBC-49D9-ADE8-F8BFB931B957}.Debug|x86.ActiveCfg = Debug|Any CPU
		{3B852B28-4EBC-49D9-ADE8-F8BFB931B957}.Debug|x86.Build.0 = Debug|Any CPU
		{3B852B28-4EBC-49D9-ADE8-F8BFB931B957}.Release|Any CPU.ActiveCfg = Release|Any CPU
		{3B852B28-4EBC-49D9-ADE8-F8BFB931B957}.Release|Any CPU.Build.0 = Release|Any CPU
		{3B852B28-4EBC-49D9-ADE8-F8BFB931B957}.Release|x64.ActiveCfg = Release|Any CPU
		{3B852B28-4EBC-49D9-ADE8-F8BFB931B957}.Release|x64.Build.0 = Release|Any CPU
		{3B852B28-4EBC-49D9-ADE8-F8BFB931B957}.Release|x86.ActiveCfg = Release|Any CPU
		{3B852B28-4EBC-49D9-ADE8-F8BFB931B957}.Release|x86.Build.0 = Release|Any CPU
		{106BC603-CE09-491B-ABC1-17A71A810B50}.Debug|Any CPU.ActiveCfg = Debug|Any CPU
		{106BC603-CE09-491B-ABC1-17A71A810B50}.Debug|Any CPU.Build.0 = Debug|Any CPU
		{106BC603-CE09-491B-ABC1-17A71A810B50}.Debug|x64.ActiveCfg = Debug|Any CPU
		{106BC603-CE09-491B-ABC1-17A71A810B50}.Debug|x64.Build.0 = Debug|Any CPU
		{106BC603-CE09-491B-ABC1-17A71A810B50}.Debug|x86.ActiveCfg = Debug|Any CPU
		{106BC603-CE09-491B-ABC1-17A71A810B50}.Debug|x86.Build.0 = Debug|Any CPU
		{106BC603-CE09-491B-ABC1-17A71A810B50}.Release|Any CPU.ActiveCfg = Release|Any CPU
		{106BC603-CE09-491B-ABC1-17A71A810B50}.Release|Any CPU.Build.0 = Release|Any CPU
		{106BC603-CE09-491B-ABC1-17A71A810B50}.Release|x64.ActiveCfg = Release|Any CPU
		{106BC603-CE09-491B-ABC1-17A71A810B50}.Release|x64.Build.0 = Release|Any CPU
		{106BC603-CE09-491B-ABC1-17A71A810B50}.Release|x86.ActiveCfg = Release|Any CPU
		{106BC603-CE09-491B-ABC1-17A71A810B50}.Release|x86.Build.0 = Release|Any CPU
		{D959E61F-5E8D-49A2-80BA-649EE2585C27}.Debug|Any CPU.ActiveCfg = Debug|Any CPU
		{D959E61F-5E8D-49A2-80BA-649EE2585C27}.Debug|Any CPU.Build.0 = Debug|Any CPU
		{D959E61F-5E8D-49A2-80BA-649EE2585C27}.Debug|x64.ActiveCfg = Debug|Any CPU
		{D959E61F-5E8D-49A2-80BA-649EE2585C27}.Debug|x64.Build.0 = Debug|Any CPU
		{D959E61F-5E8D-49A2-80BA-649EE2585C27}.Debug|x86.ActiveCfg = Debug|Any CPU
		{D959E61F-5E8D-49A2-80BA-649EE2585C27}.Debug|x86.Build.0 = Debug|Any CPU
		{D959E61F-5E8D-49A2-80BA-649EE2585C27}.Release|Any CPU.ActiveCfg = Release|Any CPU
		{D959E61F-5E8D-49A2-80BA-649EE2585C27}.Release|Any CPU.Build.0 = Release|Any CPU
		{D959E61F-5E8D-49A2-80BA-649EE2585C27}.Release|x64.ActiveCfg = Release|Any CPU
		{D959E61F-5E8D-49A2-80BA-649EE2585C27}.Release|x64.Build.0 = Release|Any CPU
		{D959E61F-5E8D-49A2-80BA-649EE2585C27}.Release|x86.ActiveCfg = Release|Any CPU
		{D959E61F-5E8D-49A2-80BA-649EE2585C27}.Release|x86.Build.0 = Release|Any CPU
		{A51D9885-730E-4A4C-8080-70D71407E5AF}.Debug|Any CPU.ActiveCfg = Debug|Any CPU
		{A51D9885-730E-4A4C-8080-70D71407E5AF}.Debug|Any CPU.Build.0 = Debug|Any CPU
		{A51D9885-730E-4A4C-8080-70D71407E5AF}.Debug|x64.ActiveCfg = Debug|Any CPU
		{A51D9885-730E-4A4C-8080-70D71407E5AF}.Debug|x64.Build.0 = Debug|Any CPU
		{A51D9885-730E-4A4C-8080-70D71407E5AF}.Debug|x86.ActiveCfg = Debug|Any CPU
		{A51D9885-730E-4A4C-8080-70D71407E5AF}.Debug|x86.Build.0 = Debug|Any CPU
		{A51D9885-730E-4A4C-8080-70D71407E5AF}.Release|Any CPU.ActiveCfg = Release|Any CPU
		{A51D9885-730E-4A4C-8080-70D71407E5AF}.Release|Any CPU.Build.0 = Release|Any CPU
		{A51D9885-730E-4A4C-8080-70D71407E5AF}.Release|x64.ActiveCfg = Release|Any CPU
		{A51D9885-730E-4A4C-8080-70D71407E5AF}.Release|x64.Build.0 = Release|Any CPU
		{A51D9885-730E-4A4C-8080-70D71407E5AF}.Release|x86.ActiveCfg = Release|Any CPU
		{A51D9885-730E-4A4C-8080-70D71407E5AF}.Release|x86.Build.0 = Release|Any CPU
		{55FFF5AA-0699-4AAE-925F-C661451635C4}.Debug|Any CPU.ActiveCfg = Debug|Any CPU
		{55FFF5AA-0699-4AAE-925F-C661451635C4}.Debug|Any CPU.Build.0 = Debug|Any CPU
		{55FFF5AA-0699-4AAE-925F-C661451635C4}.Debug|x64.ActiveCfg = Debug|Any CPU
		{55FFF5AA-0699-4AAE-925F-C661451635C4}.Debug|x64.Build.0 = Debug|Any CPU
		{55FFF5AA-0699-4AAE-925F-C661451635C4}.Debug|x86.ActiveCfg = Debug|Any CPU
		{55FFF5AA-0699-4AAE-925F-C661451635C4}.Debug|x86.Build.0 = Debug|Any CPU
		{55FFF5AA-0699-4AAE-925F-C661451635C4}.Release|Any CPU.ActiveCfg = Release|Any CPU
		{55FFF5AA-0699-4AAE-925F-C661451635C4}.Release|Any CPU.Build.0 = Release|Any CPU
		{55FFF5AA-0699-4AAE-925F-C661451635C4}.Release|x64.ActiveCfg = Release|Any CPU
		{55FFF5AA-0699-4AAE-925F-C661451635C4}.Release|x64.Build.0 = Release|Any CPU
		{55FFF5AA-0699-4AAE-925F-C661451635C4}.Release|x86.ActiveCfg = Release|Any CPU
		{55FFF5AA-0699-4AAE-925F-C661451635C4}.Release|x86.Build.0 = Release|Any CPU
		{67CBAD02-D6D5-4CE1-85BE-6ED7663EB85D}.Debug|Any CPU.ActiveCfg = Debug|Any CPU
		{67CBAD02-D6D5-4CE1-85BE-6ED7663EB85D}.Debug|Any CPU.Build.0 = Debug|Any CPU
		{67CBAD02-D6D5-4CE1-85BE-6ED7663EB85D}.Debug|x64.ActiveCfg = Debug|Any CPU
		{67CBAD02-D6D5-4CE1-85BE-6ED7663EB85D}.Debug|x64.Build.0 = Debug|Any CPU
		{67CBAD02-D6D5-4CE1-85BE-6ED7663EB85D}.Debug|x86.ActiveCfg = Debug|Any CPU
		{67CBAD02-D6D5-4CE1-85BE-6ED7663EB85D}.Debug|x86.Build.0 = Debug|Any CPU
		{67CBAD02-D6D5-4CE1-85BE-6ED7663EB85D}.Release|Any CPU.ActiveCfg = Release|Any CPU
		{67CBAD02-D6D5-4CE1-85BE-6ED7663EB85D}.Release|Any CPU.Build.0 = Release|Any CPU
		{67CBAD02-D6D5-4CE1-85BE-6ED7663EB85D}.Release|x64.ActiveCfg = Release|Any CPU
		{67CBAD02-D6D5-4CE1-85BE-6ED7663EB85D}.Release|x64.Build.0 = Release|Any CPU
		{67CBAD02-D6D5-4CE1-85BE-6ED7663EB85D}.Release|x86.ActiveCfg = Release|Any CPU
		{67CBAD02-D6D5-4CE1-85BE-6ED7663EB85D}.Release|x86.Build.0 = Release|Any CPU
		{AEEB840D-DE6A-4EC3-B961-200E4B240ECD}.Debug|Any CPU.ActiveCfg = Debug|Any CPU
		{AEEB840D-DE6A-4EC3-B961-200E4B240ECD}.Debug|Any CPU.Build.0 = Debug|Any CPU
		{AEEB840D-DE6A-4EC3-B961-200E4B240ECD}.Debug|x64.ActiveCfg = Debug|Any CPU
		{AEEB840D-DE6A-4EC3-B961-200E4B240ECD}.Debug|x64.Build.0 = Debug|Any CPU
		{AEEB840D-DE6A-4EC3-B961-200E4B240ECD}.Debug|x86.ActiveCfg = Debug|Any CPU
		{AEEB840D-DE6A-4EC3-B961-200E4B240ECD}.Debug|x86.Build.0 = Debug|Any CPU
		{AEEB840D-DE6A-4EC3-B961-200E4B240ECD}.Release|Any CPU.ActiveCfg = Release|Any CPU
		{AEEB840D-DE6A-4EC3-B961-200E4B240ECD}.Release|Any CPU.Build.0 = Release|Any CPU
		{AEEB840D-DE6A-4EC3-B961-200E4B240ECD}.Release|x64.ActiveCfg = Release|Any CPU
		{AEEB840D-DE6A-4EC3-B961-200E4B240ECD}.Release|x64.Build.0 = Release|Any CPU
		{AEEB840D-DE6A-4EC3-B961-200E4B240ECD}.Release|x86.ActiveCfg = Release|Any CPU
		{AEEB840D-DE6A-4EC3-B961-200E4B240ECD}.Release|x86.Build.0 = Release|Any CPU
		{28A1259C-993F-4180-A871-DD99A12CF9C8}.Debug|Any CPU.ActiveCfg = Debug|Any CPU
		{28A1259C-993F-4180-A871-DD99A12CF9C8}.Debug|Any CPU.Build.0 = Debug|Any CPU
		{28A1259C-993F-4180-A871-DD99A12CF9C8}.Debug|x64.ActiveCfg = Debug|Any CPU
		{28A1259C-993F-4180-A871-DD99A12CF9C8}.Debug|x64.Build.0 = Debug|Any CPU
		{28A1259C-993F-4180-A871-DD99A12CF9C8}.Debug|x86.ActiveCfg = Debug|Any CPU
		{28A1259C-993F-4180-A871-DD99A12CF9C8}.Debug|x86.Build.0 = Debug|Any CPU
		{28A1259C-993F-4180-A871-DD99A12CF9C8}.Release|Any CPU.ActiveCfg = Release|Any CPU
		{28A1259C-993F-4180-A871-DD99A12CF9C8}.Release|Any CPU.Build.0 = Release|Any CPU
		{28A1259C-993F-4180-A871-DD99A12CF9C8}.Release|x64.ActiveCfg = Release|Any CPU
		{28A1259C-993F-4180-A871-DD99A12CF9C8}.Release|x64.Build.0 = Release|Any CPU
		{28A1259C-993F-4180-A871-DD99A12CF9C8}.Release|x86.ActiveCfg = Release|Any CPU
		{28A1259C-993F-4180-A871-DD99A12CF9C8}.Release|x86.Build.0 = Release|Any CPU
		{652C9A46-D415-4639-A365-FBD82D6401C5}.Debug|Any CPU.ActiveCfg = Debug|Any CPU
		{652C9A46-D415-4639-A365-FBD82D6401C5}.Debug|Any CPU.Build.0 = Debug|Any CPU
		{652C9A46-D415-4639-A365-FBD82D6401C5}.Debug|x64.ActiveCfg = Debug|Any CPU
		{652C9A46-D415-4639-A365-FBD82D6401C5}.Debug|x64.Build.0 = Debug|Any CPU
		{652C9A46-D415-4639-A365-FBD82D6401C5}.Debug|x86.ActiveCfg = Debug|Any CPU
		{652C9A46-D415-4639-A365-FBD82D6401C5}.Debug|x86.Build.0 = Debug|Any CPU
		{652C9A46-D415-4639-A365-FBD82D6401C5}.Release|Any CPU.ActiveCfg = Release|Any CPU
		{652C9A46-D415-4639-A365-FBD82D6401C5}.Release|Any CPU.Build.0 = Release|Any CPU
		{652C9A46-D415-4639-A365-FBD82D6401C5}.Release|x64.ActiveCfg = Release|Any CPU
		{652C9A46-D415-4639-A365-FBD82D6401C5}.Release|x64.Build.0 = Release|Any CPU
		{652C9A46-D415-4639-A365-FBD82D6401C5}.Release|x86.ActiveCfg = Release|Any CPU
		{652C9A46-D415-4639-A365-FBD82D6401C5}.Release|x86.Build.0 = Release|Any CPU
	EndGlobalSection
	GlobalSection(SolutionProperties) = preSolution
		HideSolutionNode = FALSE
	EndGlobalSection
	GlobalSection(ExtensibilityGlobals) = postSolution
		SolutionGuid = {5887DFB6-B4FD-40BE-96BA-F990FEA71B29}
	EndGlobalSection
EndGlobal
